// !$*UTF8*$!
{
	archiveVersion = 1;
	classes = {
	};
	objectVersion = 46;
	objects = {

/* Begin PBXBuildFile section */
		793BE5D91B4A53CB002227B8 /* main.cpp in Sources */ = {isa = PBXBuildFile; fileRef = 793BE5D31B4A53CB002227B8 /* main.cpp */; };
		793BE5DA1B4A53CB002227B8 /* T3DLib1.cpp in Sources */ = {isa = PBXBuildFile; fileRef = 793BE5D41B4A53CB002227B8 /* T3DLib1.cpp */; };
		793BE5DB1B4A53CB002227B8 /* T3DLib4.cpp in Sources */ = {isa = PBXBuildFile; fileRef = 793BE5D61B4A53CB002227B8 /* T3DLib4.cpp */; };
		793BE5DE1B4A5440002227B8 /* test_mathlib.cpp in Sources */ = {isa = PBXBuildFile; fileRef = 793BE5DC1B4A5440002227B8 /* test_mathlib.cpp */; };
/* End PBXBuildFile section */

/* Begin PBXCopyFilesBuildPhase section */
		79A778341B4A18BE0071E4F3 /* CopyFiles */ = {
			isa = PBXCopyFilesBuildPhase;
			buildActionMask = 2147483647;
			dstPath = /usr/share/man/man1/;
			dstSubfolderSpec = 0;
			files = (
			);
			runOnlyForDeploymentPostprocessing = 1;
		};
/* End PBXCopyFilesBuildPhase section */

/* Begin PBXFileReference section */
		793BE5D31B4A53CB002227B8 /* main.cpp */ = {isa = PBXFileReference; fileEncoding = 4; lastKnownFileType = sourcecode.cpp.cpp; path = main.cpp; sourceTree = "<group>"; };
		793BE5D41B4A53CB002227B8 /* T3DLib1.cpp */ = {isa = PBXFileReference; fileEncoding = 4; lastKnownFileType = sourcecode.cpp.cpp; path = T3DLib1.cpp; sourceTree = "<group>"; };
		793BE5D51B4A53CB002227B8 /* T3DLib1.h */ = {isa = PBXFileReference; fileEncoding = 4; lastKnownFileType = sourcecode.c.h; path = T3DLib1.h; sourceTree = "<group>"; };
		793BE5D61B4A53CB002227B8 /* T3DLib4.cpp */ = {isa = PBXFileReference; fileEncoding = 4; lastKnownFileType = sourcecode.cpp.cpp; path = T3DLib4.cpp; sourceTree = "<group>"; };
		793BE5D71B4A53CB002227B8 /* T3DLib4.h */ = {isa = PBXFileReference; fileEncoding = 4; lastKnownFileType = sourcecode.c.h; path = T3DLib4.h; sourceTree = "<group>"; };
		793BE5DC1B4A5440002227B8 /* test_mathlib.cpp */ = {isa = PBXFileReference; fileEncoding = 4; lastKnownFileType = sourcecode.cpp.cpp; path = test_mathlib.cpp; sourceTree = "<group>"; };
		793BE5DD1B4A5440002227B8 /* test_mathlib.h */ = {isa = PBXFileReference; fileEncoding = 4; lastKnownFileType = sourcecode.c.h; path = test_mathlib.h; sourceTree = "<group>"; };
		79A778361B4A18BE0071E4F3 /* 3DMath */ = {isa = PBXFileReference; explicitFileType = "compiled.mach-o.executable"; includeInIndex = 0; path = 3DMath; sourceTree = BUILT_PRODUCTS_DIR; };
/* End PBXFileReference section */

/* Begin PBXFrameworksBuildPhase section */
		79A778331B4A18BE0071E4F3 /* Frameworks */ = {
			isa = PBXFrameworksBuildPhase;
			buildActionMask = 2147483647;
			files = (
			);
			runOnlyForDeploymentPostprocessing = 0;
		};
/* End PBXFrameworksBuildPhase section */

/* Begin PBXGroup section */
		793BE5D01B4A53B0002227B8 /* test */ = {
			isa = PBXGroup;
			children = (
				793BE5DC1B4A5440002227B8 /* test_mathlib.cpp */,
				793BE5DD1B4A5440002227B8 /* test_mathlib.h */,
			);
			path = test;
			sourceTree = "<group>";
		};
		793BE5D11B4A53CB002227B8 /* source */ = {
			isa = PBXGroup;
			children = (
				793BE5D31B4A53CB002227B8 /* main.cpp */,
				793BE5D41B4A53CB002227B8 /* T3DLib1.cpp */,
				793BE5D51B4A53CB002227B8 /* T3DLib1.h */,
				793BE5D61B4A53CB002227B8 /* T3DLib4.cpp */,
				793BE5D71B4A53CB002227B8 /* T3DLib4.h */,
			);
			path = source;
			sourceTree = "<group>";
		};
		79A7782D1B4A18BE0071E4F3 = {
			isa = PBXGroup;
			children = (
				79A778381B4A18BE0071E4F3 /* 3DMath */,
				79A778371B4A18BE0071E4F3 /* Products */,
			);
			sourceTree = "<group>";
		};
		79A778371B4A18BE0071E4F3 /* Products */ = {
			isa = PBXGroup;
			children = (
				79A778361B4A18BE0071E4F3 /* 3DMath */,
			);
			name = Products;
			sourceTree = "<group>";
		};
		79A778381B4A18BE0071E4F3 /* 3DMath */ = {
			isa = PBXGroup;
			children = (
				793BE5D11B4A53CB002227B8 /* source */,
				793BE5D01B4A53B0002227B8 /* test */,
			);
			path = 3DMath;
			sourceTree = "<group>";
		};
/* End PBXGroup section */

/* Begin PBXNativeTarget section */
		79A778351B4A18BE0071E4F3 /* 3DMath */ = {
			isa = PBXNativeTarget;
			buildConfigurationList = 79A7783D1B4A18BE0071E4F3 /* Build configuration list for PBXNativeTarget "3DMath" */;
			buildPhases = (
				79A778321B4A18BE0071E4F3 /* Sources */,
				79A778331B4A18BE0071E4F3 /* Frameworks */,
				79A778341B4A18BE0071E4F3 /* CopyFiles */,
			);
			buildRules = (
			);
			dependencies = (
			);
			name = 3DMath;
			productName = 3DMath;
			productReference = 79A778361B4A18BE0071E4F3 /* 3DMath */;
			productType = "com.apple.product-type.tool";
		};
/* End PBXNativeTarget section */

/* Begin PBXProject section */
		79A7782E1B4A18BE0071E4F3 /* Project object */ = {
			isa = PBXProject;
			attributes = {
				LastUpgradeCheck = 0630;
				ORGANIZATIONNAME = TTc;
				TargetAttributes = {
					79A778351B4A18BE0071E4F3 = {
						CreatedOnToolsVersion = 6.3;
					};
				};
			};
			buildConfigurationList = 79A778311B4A18BE0071E4F3 /* Build configuration list for PBXProject "3DMath" */;
			compatibilityVersion = "Xcode 3.2";
			developmentRegion = English;
			hasScannedForEncodings = 0;
			knownRegions = (
				en,
			);
			mainGroup = 79A7782D1B4A18BE0071E4F3;
			productRefGroup = 79A778371B4A18BE0071E4F3 /* Products */;
			projectDirPath = "";
			projectRoot = "";
			targets = (
				79A778351B4A18BE0071E4F3 /* 3DMath */,
			);
		};
/* End PBXProject section */

/* Begin PBXSourcesBuildPhase section */
		79A778321B4A18BE0071E4F3 /* Sources */ = {
			isa = PBXSourcesBuildPhase;
			buildActionMask = 2147483647;
			files = (
				793BE5DA1B4A53CB002227B8 /* T3DLib1.cpp in Sources */,
				793BE5DE1B4A5440002227B8 /* test_mathlib.cpp in Sources */,
				793BE5D91B4A53CB002227B8 /* main.cpp in Sources */,
				793BE5DB1B4A53CB002227B8 /* T3DLib4.cpp in Sources */,
			);
			runOnlyForDeploymentPostprocessing = 0;
		};
/* End PBXSourcesBuildPhase section */

/* Begin XCBuildConfiguration section */
		79A7783B1B4A18BE0071E4F3 /* Debug */ = {
			isa = XCBuildConfiguration;
			buildSettings = {
				ALWAYS_SEARCH_USER_PATHS = NO;
				CLANG_CXX_LANGUAGE_STANDARD = "gnu++0x";
				CLANG_CXX_LIBRARY = "libc++";
				CLANG_ENABLE_MODULES = YES;
				CLANG_ENABLE_OBJC_ARC = YES;
				CLANG_WARN_BOOL_CONVERSION = YES;
				CLANG_WARN_CONSTANT_CONVERSION = YES;
				CLANG_WARN_DIRECT_OBJC_ISA_USAGE = YES_ERROR;
				CLANG_WARN_EMPTY_BODY = YES;
				CLANG_WARN_ENUM_CONVERSION = YES;
				CLANG_WARN_INT_CONVERSION = YES;
				CLANG_WARN_OBJC_ROOT_CLASS = YES_ERROR;
				CLANG_WARN_UNREACHABLE_CODE = YES;
				CLANG_WARN__DUPLICATE_METHOD_MATCH = YES;
				COPY_PHASE_STRIP = NO;
				DEBUG_INFORMATION_FORMAT = dwarf;
				ENABLE_STRICT_OBJC_MSGSEND = YES;
				GCC_C_LANGUAGE_STANDARD = gnu99;
				GCC_DYNAMIC_NO_PIC = NO;
				GCC_NO_COMMON_BLOCKS = YES;
				GCC_OPTIMIZATION_LEVEL = 0;
				GCC_PREPROCESSOR_DEFINITIONS = (
					"DEBUG=1",
					"$(inherited)",
				);
				GCC_SYMBOLS_PRIVATE_EXTERN = NO;
				GCC_WARN_64_TO_32_BIT_CONVERSION = YES;
				GCC_WARN_ABOUT_RETURN_TYPE = YES_ERROR;
				GCC_WARN_UNDECLARED_SELECTOR = YES;
				GCC_WARN_UNINITIALIZED_AUTOS = YES_AGGRESSIVE;
				GCC_WARN_UNUSED_FUNCTION = YES;
				GCC_WARN_UNUSED_VARIABLE = YES;
				MACOSX_DEPLOYMENT_TARGET = 10.10;
				MTL_ENABLE_DEBUG_INFO = YES;
				ONLY_ACTIVE_ARCH = YES;
				SDKROOT = macosx;
			};
			name = Debug;
		};
		79A7783C1B4A18BE0071E4F3 /* Release */ = {
			isa = XCBuildConfiguration;
			buildSettings = {
				ALWAYS_SEARCH_USER_PATHS = NO;
				CLANG_CXX_LANGUAGE_STANDARD = "gnu++0x";
				CLANG_CXX_LIBRARY = "libc++";
				CLANG_ENABLE_MODULES = YES;
				CLANG_ENABLE_OBJC_ARC = YES;
				CLANG_WARN_BOOL_CONVERSION = YES;
				CLANG_WARN_CONSTANT_CONVERSION = YES;
				CLANG_WARN_DIRECT_OBJC_ISA_USAGE = YES_ERROR;
				CLANG_WARN_EMPTY_BODY = YES;
				CLANG_WARN_ENUM_CONVERSION = YES;
				CLANG_WARN_INT_CONVERSION = YES;
				CLANG_WARN_OBJC_ROOT_CLASS = YES_ERROR;
				CLANG_WARN_UNREACHABLE_CODE = YES;
				CLANG_WARN__DUPLICATE_METHOD_MATCH = YES;
				COPY_PHASE_STRIP = NO;
				DEBUG_INFORMATION_FORMAT = "dwarf-with-dsym";
				ENABLE_NS_ASSERTIONS = NO;
				ENABLE_STRICT_OBJC_MSGSEND = YES;
				GCC_C_LANGUAGE_STANDARD = gnu99;
				GCC_NO_COMMON_BLOCKS = YES;
				GCC_WARN_64_TO_32_BIT_CONVERSION = YES;
				GCC_WARN_ABOUT_RETURN_TYPE = YES_ERROR;
				GCC_WARN_UNDECLARED_SELECTOR = YES;
				GCC_WARN_UNINITIALIZED_AUTOS = YES_AGGRESSIVE;
				GCC_WARN_UNUSED_FUNCTION = YES;
				GCC_WARN_UNUSED_VARIABLE = YES;
				MACOSX_DEPLOYMENT_TARGET = 10.10;
				MTL_ENABLE_DEBUG_INFO = NO;
				SDKROOT = macosx;
			};
			name = Release;
		};
		79A7783E1B4A18BE0071E4F3 /* Debug */ = {
			isa = XCBuildConfiguration;
			buildSettings = {
				PRODUCT_NAME = "$(TARGET_NAME)";
			};
			name = Debug;
		};
		79A7783F1B4A18BE0071E4F3 /* Release */ = {
			isa = XCBuildConfiguration;
			buildSettings = {
				PRODUCT_NAME = "$(TARGET_NAME)";
			};
			name = Release;
		};
/* End XCBuildConfiguration section */

/* Begin XCConfigurationList section */
		79A778311B4A18BE0071E4F3 /* Build configuration list for PBXProject "3DMath" */ = {
			isa = XCConfigurationList;
			buildConfigurations = (
				79A7783B1B4A18BE0071E4F3 /* Debug */,
				79A7783C1B4A18BE0071E4F3 /* Release */,
			);
			defaultConfigurationIsVisible = 0;
			defaultConfigurationName = Release;
		};
		79A7783D1B4A18BE0071E4F3 /* Build configuration list for PBXNativeTarget "3DMath" */ = {
			isa = XCConfigurationList;
			buildConfigurations = (
				79A7783E1B4A18BE0071E4F3 /* Debug */,
				79A7783F1B4A18BE0071E4F3 /* Release */,
			);
			defaultConfigurationIsVisible = 0;
			defaultConfigurationName = Release;
		};
/* End XCConfigurationList section */
	};
	rootObject = 79A7782E1B4A18BE0071E4F3 /* Project object */;
}
